
Microsoft Visual Studio Solution File, Format Version 12.00
# Visual Studio Version 17
VisualStudioVersion = 17.7.34221.43
MinimumVisualStudioVersion = 10.0.40219.1
Project("{8BC9CEB8-8B4A-11D0-8D11-00A0C91BC942}") = "ConsoleLib", "ConsoleLib\ConsoleLib.vcxproj", "{025A1406-606D-4A21-9700-53CF7F4641BF}"
EndProject
Project("{8BC9CEB8-8B4A-11D0-8D11-00A0C91BC942}") = "Utils", "Utils\Utils.vcxproj", "{45C2CF00-7016-4029-B1E6-3D9DE5FC2845}"
EndProject
Project("{8BC9CEB8-8B4A-11D0-8D11-00A0C91BC942}") = "Bruteforce", "Bruteforce\Bruteforce.vcxproj", "{0BC8D39C-6E79-45D1-9F8E-2A37946AF1C4}"
EndProject
Project("{8BC9CEB8-8B4A-11D0-8D11-00A0C91BC942}") = "Cipher", "Cipher\Cipher.vcxproj", "{6A75E80F-C684-45C5-8A02-15DA58406C26}"
EndProject
Project("{8BC9CEB8-8B4A-11D0-8D11-00A0C91BC942}") = "KnownFragment", "KnownFragment\KnownFragment.vcxproj", "{27ABE0E9-5FC9-41BB-82C7-27A2AB0F4635}"
EndProject
Global
	GlobalSection(SolutionConfigurationPlatforms) = preSolution
		Debug|x64 = Debug|x64
		Debug|x86 = Debug|x86
		Release|x64 = Release|x64
		Release|x86 = Release|x86
	EndGlobalSection
	GlobalSection(ProjectConfigurationPlatforms) = postSolution
		{025A1406-606D-4A21-9700-53CF7F4641BF}.Debug|x64.ActiveCfg = Debug|x64
		{025A1406-606D-4A21-9700-53CF7F4641BF}.Debug|x64.Build.0 = Debug|x64
		{025A1406-606D-4A21-9700-53CF7F4641BF}.Debug|x86.ActiveCfg = Debug|Win32
		{025A1406-606D-4A21-9700-53CF7F4641BF}.Debug|x86.Build.0 = Debug|Win32
		{025A1406-606D-4A21-9700-53CF7F4641BF}.Release|x64.ActiveCfg = Release|x64
		{025A1406-606D-4A21-9700-53CF7F4641BF}.Release|x64.Build.0 = Release|x64
		{025A1406-606D-4A21-9700-53CF7F4641BF}.Release|x86.ActiveCfg = Release|Win32
		{025A1406-606D-4A21-9700-53CF7F4641BF}.Release|x86.Build.0 = Release|Win32
		{45C2CF00-7016-4029-B1E6-3D9DE5FC2845}.Debug|x64.ActiveCfg = Debug|x64
		{45C2CF00-7016-4029-B1E6-3D9DE5FC2845}.Debug|x64.Build.0 = Debug|x64
		{45C2CF00-7016-4029-B1E6-3D9DE5FC2845}.Debug|x86.ActiveCfg = Debug|Win32
		{45C2CF00-7016-4029-B1E6-3D9DE5FC2845}.Debug|x86.Build.0 = Debug|Win32
		{45C2CF00-7016-4029-B1E6-3D9DE5FC2845}.Release|x64.ActiveCfg = Release|x64
		{45C2CF00-7016-4029-B1E6-3D9DE5FC2845}.Release|x64.Build.0 = Release|x64
		{45C2CF00-7016-4029-B1E6-3D9DE5FC2845}.Release|x86.ActiveCfg = Release|Win32
		{45C2CF00-7016-4029-B1E6-3D9DE5FC2845}.Release|x86.Build.0 = Release|Win32
		{0BC8D39C-6E79-45D1-9F8E-2A37946AF1C4}.Debug|x64.ActiveCfg = Debug|x64
		{0BC8D39C-6E79-45D1-9F8E-2A37946AF1C4}.Debug|x64.Build.0 = Debug|x64
		{0BC8D39C-6E79-45D1-9F8E-2A37946AF1C4}.Debug|x86.ActiveCfg = Debug|Win32
		{0BC8D39C-6E79-45D1-9F8E-2A37946AF1C4}.Debug|x86.Build.0 = Debug|Win32
		{0BC8D39C-6E79-45D1-9F8E-2A37946AF1C4}.Release|x64.ActiveCfg = Release|x64
		{0BC8D39C-6E79-45D1-9F8E-2A37946AF1C4}.Release|x64.Build.0 = Release|x64
		{0BC8D39C-6E79-45D1-9F8E-2A37946AF1C4}.Release|x86.ActiveCfg = Release|Win32
		{0BC8D39C-6E79-45D1-9F8E-2A37946AF1C4}.Release|x86.Build.0 = Release|Win32
		{6A75E80F-C684-45C5-8A02-15DA58406C26}.Debug|x64.ActiveCfg = Debug|x64
		{6A75E80F-C684-45C5-8A02-15DA58406C26}.Debug|x64.Build.0 = Debug|x64
		{6A75E80F-C684-45C5-8A02-15DA58406C26}.Debug|x86.ActiveCfg = Debug|Win32
		{6A75E80F-C684-45C5-8A02-15DA58406C26}.Debug|x86.Build.0 = Debug|Win32
		{6A75E80F-C684-45C5-8A02-15DA58406C26}.Release|x64.ActiveCfg = Release|x64
		{6A75E80F-C684-45C5-8A02-15DA58406C26}.Release|x64.Build.0 = Release|x64
		{6A75E80F-C684-45C5-8A02-15DA58406C26}.Release|x86.ActiveCfg = Release|Win32
		{6A75E80F-C684-45C5-8A02-15DA58406C26}.Release|x86.Build.0 = Release|Win32
		{27ABE0E9-5FC9-41BB-82C7-27A2AB0F4635}.Debug|x64.ActiveCfg = Debug|x64
		{27ABE0E9-5FC9-41BB-82C7-27A2AB0F4635}.Debug|x64.Build.0 = Debug|x64
		{27ABE0E9-5FC9-41BB-82C7-27A2AB0F4635}.Debug|x86.ActiveCfg = Debug|Win32
		{27ABE0E9-5FC9-41BB-82C7-27A2AB0F4635}.Debug|x86.Build.0 = Debug|Win32
		{27ABE0E9-5FC9-41BB-82C7-27A2AB0F4635}.Release|x64.ActiveCfg = Release|x64
		{27ABE0E9-5FC9-41BB-82C7-27A2AB0F4635}.Release|x64.Build.0 = Release|x64
		{27ABE0E9-5FC9-41BB-82C7-27A2AB0F4635}.Release|x86.ActiveCfg = Release|Win32
		{27ABE0E9-5FC9-41BB-82C7-27A2AB0F4635}.Release|x86.Build.0 = Release|Win32
	EndGlobalSection
	GlobalSection(SolutionProperties) = preSolution
		HideSolutionNode = FALSE
	EndGlobalSection
	GlobalSection(ExtensibilityGlobals) = postSolution
		SolutionGuid = {D798386F-1F2B-4BEE-B6EC-8BD0BD990B35}
	EndGlobalSection
EndGlobal
